
Microsoft Visual Studio Solution File, Format Version 12.00
# Visual Studio Version 17
VisualStudioVersion = 17.3.32811.315
MinimumVisualStudioVersion = 10.0.40219.1
Project("{FAE04EC0-301F-11D3-BF4B-00C04F79EFBC}") = "LineLengthComparisionOops", "LineLengthComparisionOops.csproj", "{86B5E2C6-1C4A-4231-BDD5-81A768705D17}"
EndProject
Global
	GlobalSection(SolutionConfigurationPlatforms) = preSolution
		Debug|Any CPU = Debug|Any CPU
		Release|Any CPU = Release|Any CPU
	EndGlobalSection
	GlobalSection(ProjectConfigurationPlatforms) = postSolution
		{86B5E2C6-1C4A-4231-BDD5-81A768705D17}.Debug|Any CPU.ActiveCfg = Debug|Any CPU
		{86B5E2C6-1C4A-4231-BDD5-81A768705D17}.Debug|Any CPU.Build.0 = Debug|Any CPU
		{86B5E2C6-1C4A-4231-BDD5-81A768705D17}.Release|Any CPU.ActiveCfg = Release|Any CPU
		{86B5E2C6-1C4A-4231-BDD5-81A768705D17}.Release|Any CPU.Build.0 = Release|Any CPU
	EndGlobalSection
	GlobalSection(SolutionProperties) = preSolution
		HideSolutionNode = FALSE
	EndGlobalSection
	GlobalSection(ExtensibilityGlobals) = postSolution
		SolutionGuid = {93BE4BA6-E295-4D18-A48F-CEA9B3568B5F}
	EndGlobalSection
EndGlobal
